{
    "_meta": {
        "hash": {
            "sha256": "4baecf7c533504610ad87e0020e41aae65e18976592040f1f10e81513a14dae2"
        },
        "pipfile-spec": 6,
        "requires": {
            "python_version": "3.9"
        },
        "sources": [
            {
                "name": "pypi",
                "url": "https://pypi.org/simple",
                "verify_ssl": true
            }
        ]
    },
    "default": {
        "llvmlite": {
            "hashes": [
                "sha256:01098be54f1aa25e391cebba8ea71cd1533f8cd1f50e34c7dd7540c2560a93af",
                "sha256:0706abf522dc510ddc818f5c9e1cdae521a1416d3c399bbfc4827813379f0164",
                "sha256:0929e3c26bcafb53545c77bcf7020b943dcefcf8d7d3010f414384458f805cc1",
                "sha256:2f82d605c5d6c8df96fe19bc3a61c934580e24cafa694cbf79cb227cdc0e426a",
                "sha256:35db4122182cc5112912a3ec94a3c18eab9a990bd588bfda8445087c1b748563",
                "sha256:3df59a7c2b60764fb9eeaf9c442d757eca1f3e87298d4f88849203667528581e",
                "sha256:44a9a5cbe76db8ba01a5f6fa21649d91aa8a2634cc6f3a60291797e42e67d79e",
                "sha256:4cfd6688efd0f551168dd8626f386464aef25663268a2400c0f6a089b97a73dc",
                "sha256:53c7c608baffdcdc2213926f4e3600036d4048aed08d6209b9f76a5439e529d6",
                "sha256:56ccfe736a12aef2e39450a22e4c027eee4f488c5786c81d0b18ff8a6cf52531",
                "sha256:56ea23c6bbcd25a7c050a26b6effe836a575a33183744cbc28fb21358b3801f8",
                "sha256:589f08a1b1920e6004735819ce9aafdd85d030d4a231c1e7adaca9360724b1ed",
                "sha256:5ca4ea962da6ec3b007bedab17065781803d71159b03435f24ce6845cf3d1c66",
                "sha256:62a11b8e9e5fc4783d94da45d94c5a047ce6ccc4c112ae5f764109e9405fcc2c",
                "sha256:72bd2e5db9790344ec39cef77098486635853829ecb0e66e6fa516488ff6dd9e",
                "sha256:74d89f2ec4734d3e200fb90ea0b3ca5e9be40f3b3e50eb368ca9002ed5b3e4f8",
                "sha256:8b4cb4f433b48792f02ec4ab619b86b145689302a3088a3f3853f50df6c2559d",
                "sha256:8d8149fdaab40ae48ea4ec816ae2ae5d36d664795e1b1dfb911fc2c62bc73184",
                "sha256:8e461608135859ac40e39211d9c63a1ce35176513f6b8be87efb554d4af3a388",
                "sha256:9272b7e344d12b36dafeb6911054eff32d2a9be7256a2866f0c09d08f945e17f",
                "sha256:c00bf7a8dc56b4b3618c65b67e75046410f751512871d9e23919cf1feb1007b2",
                "sha256:c3bbd23e42593f85a842614d8ddb2b2943630e4c4c8418ea0d8cf1dce9f2fa7a",
                "sha256:c7292b394956749e51ae3d51a2085932a0e3261108b35eda61d702c1b977102c",
                "sha256:d4a8199263859b97f174035e39297e770617d3497fac44fe738f74ce9c51d22b",
                "sha256:d733eb9c02bb8b01373228a1339901b1e50be4581105239c6052b9573ddb9298",
                "sha256:e7f7a7278ba6d75533be46abc3d9e242030ab017f0016dd081b55f821cc03be9",
                "sha256:f575fcb9bebe5bcbe20373c56ad3ebf63bae0e27d3c22c1a4dc27fa4666d0324",
                "sha256:f8e9463a7d0152994b6f7d630012297bb160db237ad9ca8e75c8dceef7a747cf"
            ],
            "index": "pypi",
            "version": "==0.39.0"
        }
    },
    "develop": {}
}
